
Microsoft Visual Studio Solution File, Format Version 11.00
# Visual Studio 2010
Project("{FAE04EC0-301F-11D3-BF4B-00C04F79EFBC}") = "ControlCalidad", "ControlCalidad\ControlCalidad.csproj", "{00F69C03-6469-4553-AF16-212641CD01FB}"
EndProject
Project("{FAE04EC0-301F-11D3-BF4B-00C04F79EFBC}") = "DAL", "DAL\DAL.csproj", "{9575171E-E4C8-4EE1-8725-E694ABA75AC2}"
EndProject
Project("{FAE04EC0-301F-11D3-BF4B-00C04F79EFBC}") = "Configuracion", "Configuracion\Configuracion.csproj", "{E4D77738-A7CB-4BCE-95BC-5F0A7AF8A4D1}"
EndProject
Project("{FAE04EC0-301F-11D3-BF4B-00C04F79EFBC}") = "OBJ", "OBJ\OBJ.csproj", "{AA3050EF-53BA-4391-9EF3-CF7EB71AD8A3}"
EndProject
Project("{FAE04EC0-301F-11D3-BF4B-00C04F79EFBC}") = "CobolConverter", "CobolConverter\CobolConverter.csproj", "{76DDA31B-B814-4D82-AADD-3212D0A19A7B}"
EndProject
Global
	GlobalSection(SolutionConfigurationPlatforms) = preSolution
		Debug|Any CPU = Debug|Any CPU
		Debug|Mixed Platforms = Debug|Mixed Platforms
		Debug|x86 = Debug|x86
		Release|Any CPU = Release|Any CPU
		Release|Mixed Platforms = Release|Mixed Platforms
		Release|x86 = Release|x86
	EndGlobalSection
	GlobalSection(ProjectConfigurationPlatforms) = postSolution
		{00F69C03-6469-4553-AF16-212641CD01FB}.Debug|Any CPU.ActiveCfg = Debug|x86
		{00F69C03-6469-4553-AF16-212641CD01FB}.Debug|Mixed Platforms.ActiveCfg = Debug|x86
		{00F69C03-6469-4553-AF16-212641CD01FB}.Debug|Mixed Platforms.Build.0 = Debug|x86
		{00F69C03-6469-4553-AF16-212641CD01FB}.Debug|x86.ActiveCfg = Debug|x86
		{00F69C03-6469-4553-AF16-212641CD01FB}.Debug|x86.Build.0 = Debug|x86
		{00F69C03-6469-4553-AF16-212641CD01FB}.Release|Any CPU.ActiveCfg = Release|x86
		{00F69C03-6469-4553-AF16-212641CD01FB}.Release|Mixed Platforms.ActiveCfg = Release|x86
		{00F69C03-6469-4553-AF16-212641CD01FB}.Release|Mixed Platforms.Build.0 = Release|x86
		{00F69C03-6469-4553-AF16-212641CD01FB}.Release|x86.ActiveCfg = Release|x86
		{00F69C03-6469-4553-AF16-212641CD01FB}.Release|x86.Build.0 = Release|x86
		{9575171E-E4C8-4EE1-8725-E694ABA75AC2}.Debug|Any CPU.ActiveCfg = Debug|Any CPU
		{9575171E-E4C8-4EE1-8725-E694ABA75AC2}.Debug|Any CPU.Build.0 = Debug|Any CPU
		{9575171E-E4C8-4EE1-8725-E694ABA75AC2}.Debug|Mixed Platforms.ActiveCfg = Debug|Any CPU
		{9575171E-E4C8-4EE1-8725-E694ABA75AC2}.Debug|Mixed Platforms.Build.0 = Debug|Any CPU
		{9575171E-E4C8-4EE1-8725-E694ABA75AC2}.Debug|x86.ActiveCfg = Debug|Any CPU
		{9575171E-E4C8-4EE1-8725-E694ABA75AC2}.Debug|x86.Build.0 = Debug|Any CPU
		{9575171E-E4C8-4EE1-8725-E694ABA75AC2}.Release|Any CPU.ActiveCfg = Release|Any CPU
		{9575171E-E4C8-4EE1-8725-E694ABA75AC2}.Release|Any CPU.Build.0 = Release|Any CPU
		{9575171E-E4C8-4EE1-8725-E694ABA75AC2}.Release|Mixed Platforms.ActiveCfg = Release|Any CPU
		{9575171E-E4C8-4EE1-8725-E694ABA75AC2}.Release|Mixed Platforms.Build.0 = Release|Any CPU
		{9575171E-E4C8-4EE1-8725-E694ABA75AC2}.Release|x86.ActiveCfg = Release|Any CPU
		{E4D77738-A7CB-4BCE-95BC-5F0A7AF8A4D1}.Debug|Any CPU.ActiveCfg = Debug|Any CPU
		{E4D77738-A7CB-4BCE-95BC-5F0A7AF8A4D1}.Debug|Any CPU.Build.0 = Debug|Any CPU
		{E4D77738-A7CB-4BCE-95BC-5F0A7AF8A4D1}.Debug|Mixed Platforms.ActiveCfg = Debug|Any CPU
		{E4D77738-A7CB-4BCE-95BC-5F0A7AF8A4D1}.Debug|Mixed Platforms.Build.0 = Debug|Any CPU
		{E4D77738-A7CB-4BCE-95BC-5F0A7AF8A4D1}.Debug|x86.ActiveCfg = Debug|Any CPU
		{E4D77738-A7CB-4BCE-95BC-5F0A7AF8A4D1}.Debug|x86.Build.0 = Debug|Any CPU
		{E4D77738-A7CB-4BCE-95BC-5F0A7AF8A4D1}.Release|Any CPU.ActiveCfg = Release|Any CPU
		{E4D77738-A7CB-4BCE-95BC-5F0A7AF8A4D1}.Release|Any CPU.Build.0 = Release|Any CPU
		{E4D77738-A7CB-4BCE-95BC-5F0A7AF8A4D1}.Release|Mixed Platforms.ActiveCfg = Release|Any CPU
		{E4D77738-A7CB-4BCE-95BC-5F0A7AF8A4D1}.Release|Mixed Platforms.Build.0 = Release|Any CPU
		{E4D77738-A7CB-4BCE-95BC-5F0A7AF8A4D1}.Release|x86.ActiveCfg = Release|Any CPU
		{AA3050EF-53BA-4391-9EF3-CF7EB71AD8A3}.Debug|Any CPU.ActiveCfg = Debug|Any CPU
		{AA3050EF-53BA-4391-9EF3-CF7EB71AD8A3}.Debug|Any CPU.Build.0 = Debug|Any CPU
		{AA3050EF-53BA-4391-9EF3-CF7EB71AD8A3}.Debug|Mixed Platforms.ActiveCfg = Debug|Any CPU
		{AA3050EF-53BA-4391-9EF3-CF7EB71AD8A3}.Debug|Mixed Platforms.Build.0 = Debug|Any CPU
		{AA3050EF-53BA-4391-9EF3-CF7EB71AD8A3}.Debug|x86.ActiveCfg = Debug|Any CPU
		{AA3050EF-53BA-4391-9EF3-CF7EB71AD8A3}.Debug|x86.Build.0 = Debug|Any CPU
		{AA3050EF-53BA-4391-9EF3-CF7EB71AD8A3}.Release|Any CPU.ActiveCfg = Release|Any CPU
		{AA3050EF-53BA-4391-9EF3-CF7EB71AD8A3}.Release|Any CPU.Build.0 = Release|Any CPU
		{AA3050EF-53BA-4391-9EF3-CF7EB71AD8A3}.Release|Mixed Platforms.ActiveCfg = Release|Any CPU
		{AA3050EF-53BA-4391-9EF3-CF7EB71AD8A3}.Release|Mixed Platforms.Build.0 = Release|Any CPU
		{AA3050EF-53BA-4391-9EF3-CF7EB71AD8A3}.Release|x86.ActiveCfg = Release|Any CPU
		{76DDA31B-B814-4D82-AADD-3212D0A19A7B}.Debug|Any CPU.ActiveCfg = Debug|Any CPU
		{76DDA31B-B814-4D82-AADD-3212D0A19A7B}.Debug|Any CPU.Build.0 = Debug|Any CPU
		{76DDA31B-B814-4D82-AADD-3212D0A19A7B}.Debug|Mixed Platforms.ActiveCfg = Debug|Any CPU
		{76DDA31B-B814-4D82-AADD-3212D0A19A7B}.Debug|Mixed Platforms.Build.0 = Debug|Any CPU
		{76DDA31B-B814-4D82-AADD-3212D0A19A7B}.Debug|x86.ActiveCfg = Debug|Any CPU
		{76DDA31B-B814-4D82-AADD-3212D0A19A7B}.Debug|x86.Build.0 = Debug|Any CPU
		{76DDA31B-B814-4D82-AADD-3212D0A19A7B}.Release|Any CPU.ActiveCfg = Release|Any CPU
		{76DDA31B-B814-4D82-AADD-3212D0A19A7B}.Release|Any CPU.Build.0 = Release|Any CPU
		{76DDA31B-B814-4D82-AADD-3212D0A19A7B}.Release|Mixed Platforms.ActiveCfg = Release|Any CPU
		{76DDA31B-B814-4D82-AADD-3212D0A19A7B}.Release|Mixed Platforms.Build.0 = Release|Any CPU
		{76DDA31B-B814-4D82-AADD-3212D0A19A7B}.Release|x86.ActiveCfg = Release|Any CPU
	EndGlobalSection
	GlobalSection(SolutionProperties) = preSolution
		HideSolutionNode = FALSE
	EndGlobalSection
EndGlobal
